
Microsoft Visual Studio Solution File, Format Version 12.00
# Visual Studio Version 16
VisualStudioVersion = 16.0.31105.61
MinimumVisualStudioVersion = 10.0.40219.1
Project("{FAE04EC0-301F-11D3-BF4B-00C04F79EFBC}") = "AddTextChankToPngInZip", "AddTextChankToPngInZip\AddTextChankToPngInZip.csproj", "{E66AEB93-1C8A-4C91-AFBB-AF93CA98D399}"
EndProject
Global
	GlobalSection(SolutionConfigurationPlatforms) = preSolution
		Debug|Any CPU = Debug|Any CPU
		Release|Any CPU = Release|Any CPU
	EndGlobalSection
	GlobalSection(ProjectConfigurationPlatforms) = postSolution
		{E66AEB93-1C8A-4C91-AFBB-AF93CA98D399}.Debug|Any CPU.ActiveCfg = Debug|Any CPU
		{E66AEB93-1C8A-4C91-AFBB-AF93CA98D399}.Debug|Any CPU.Build.0 = Debug|Any CPU
		{E66AEB93-1C8A-4C91-AFBB-AF93CA98D399}.Release|Any CPU.ActiveCfg = Release|Any CPU
		{E66AEB93-1C8A-4C91-AFBB-AF93CA98D399}.Release|Any CPU.Build.0 = Release|Any CPU
	EndGlobalSection
	GlobalSection(SolutionProperties) = preSolution
		HideSolutionNode = FALSE
	EndGlobalSection
	GlobalSection(ExtensibilityGlobals) = postSolution
		SolutionGuid = {4D4673CB-5F85-4DB0-A080-2345FDFC3B94}
	EndGlobalSection
EndGlobal
